# THIS IS AN AUTOGENERATED FILE. DO NOT EDIT THIS FILE DIRECTLY.
# yarn lockfile v1


"@shopify/draggable@^1.0.0-beta.8":
  version "1.0.0-beta.8"
  resolved "https://registry.yarnpkg.com/@shopify/draggable/-/draggable-1.0.0-beta.8.tgz#2eb3c2f72298ce3e53fe16f34ab124cc495cd4fc"
  integrity sha512-9IeBPQM93Ad4qFKUopwuTClzoST/1OId4MaSd/8FB5ScCL2tl25UaOGNR8E2hjiL7xK4LN5+I1Ews6amS7YAiA==

font-awesome.min.css@^3.2.1:
  version "3.2.1"
  resolved "https://registry.yarnpkg.com/font-awesome.min.css/-/font-awesome.min.css-3.2.1.tgz#0f51380b76d560125b5c9501459505ec4e4377e9"
  integrity sha1-D1E4C3bVYBJbXJUBRZUF7E5Dd+k=

popper.js@^1.14.7:
  version "1.14.7"
  resolved "https://registry.yarnpkg.com/popper.js/-/popper.js-1.14.7.tgz#e31ec06cfac6a97a53280c3e55e4e0c860e7738e"
  integrity sha512-4q1hNvoUre/8srWsH7hnoSJ5xVmIL4qgz+s4qf2TnJIMyZFUFMGH+9vE7mXynAlHSZ/NdTmmow86muD0myUkVQ==

tippy.js@^4.0.4:
  version "4.0.4"
  resolved "https://registry.yarnpkg.com/tippy.js/-/tippy.js-4.0.4.tgz#1cfd83fc6cfd1c459bb7e08b5ad9bc97008f61bb"
  integrity sha512-VXwJ2PXUvSTqV0RA5n5jzAdXsXnhMNX/aBYhC2j2YLg1/gekFWqVffbUQMVvwrqT4zmpm4Bp7tO8MVkvaaZ5Pg==
  dependencies:
    popper.js "^1.14.7"

typed.js@^2.0.10:
  version "2.0.10"
  resolved "https://registry.yarnpkg.com/typed.js/-/typed.js-2.0.10.tgz#70a1c1ad11965923bc9e52f851d1891b0ca1316f"
  integrity sha512-tpK+LRm5FM2GAIWWWogbOc4QRlctS425Ef1PCQKbj/G9wyig+Zt+20eLruK7CBPR+DEl/ou4uSfpwRETCSmk4A==
