{
  "name": "stillerman.github.io",
  "version": "1.0.0",
  "lockfileVersion": 1,
  "requires": true,
  "dependencies": {
    "font-awesome.min.css": {
      "version": "3.2.1",
      "resolved": "https://registry.npmjs.org/font-awesome.min.css/-/font-awesome.min.css-3.2.1.tgz",
      "integrity": "sha1-D1E4C3bVYBJbXJUBRZUF7E5Dd+k="
    },
    "typed.js": {
      "version": "2.0.10",
      "resolved": "https://registry.npmjs.org/typed.js/-/typed.js-2.0.10.tgz",
      "integrity": "sha512-tpK+LRm5FM2GAIWWWogbOc4QRlctS425Ef1PCQKbj/G9wyig+Zt+20eLruK7CBPR+DEl/ou4uSfpwRETCSmk4A=="
    }
  }
}
